
Microsoft Visual Studio Solution File, Format Version 12.00
# Visual Studio Version 17
VisualStudioVersion = 17.4.33103.184
MinimumVisualStudioVersion = 10.0.40219.1
Project("{FAE04EC0-301F-11D3-BF4B-00C04F79EFBC}") = "TaZKsDesktop", "TaZKsDesktop.csproj", "{28FCC0FE-6EBC-41AB-A871-50B51FA43A8E}"
EndProject
Global
	GlobalSection(SolutionConfigurationPlatforms) = preSolution
		Debug|Any CPU = Debug|Any CPU
		Release|Any CPU = Release|Any CPU
	EndGlobalSection
	GlobalSection(ProjectConfigurationPlatforms) = postSolution
		{28FCC0FE-6EBC-41AB-A871-50B51FA43A8E}.Debug|Any CPU.ActiveCfg = Debug|Any CPU
		{28FCC0FE-6EBC-41AB-A871-50B51FA43A8E}.Debug|Any CPU.Build.0 = Debug|Any CPU
		{28FCC0FE-6EBC-41AB-A871-50B51FA43A8E}.Release|Any CPU.ActiveCfg = Release|Any CPU
		{28FCC0FE-6EBC-41AB-A871-50B51FA43A8E}.Release|Any CPU.Build.0 = Release|Any CPU
	EndGlobalSection
	GlobalSection(SolutionProperties) = preSolution
		HideSolutionNode = FALSE
	EndGlobalSection
	GlobalSection(ExtensibilityGlobals) = postSolution
		SolutionGuid = {4E3CE8DD-E4C3-4191-AED9-9841A3044D87}
	EndGlobalSection
EndGlobal
